
Microsoft Visual Studio Solution File, Format Version 12.00
# Visual Studio 14
VisualStudioVersion = 14.0.25420.1
MinimumVisualStudioVersion = 10.0.40219.1
Project("{FAE04EC0-301F-11D3-BF4B-00C04F79EFBC}") = "HTF.Mars.StreamSource", "HTF.Mars.StreamSource\HTF.Mars.StreamSource.csproj", "{64EA58B5-65CB-4D7F-B3C8-AA138011D90D}"
EndProject
Project("{FAE04EC0-301F-11D3-BF4B-00C04F79EFBC}") = "HTF.Mars.StreamSoure.Web.Api", "HTF.Mars.StreamSoure.Web.Api\HTF.Mars.StreamSoure.Web.Api.csproj", "{8FC402F3-5727-4BE9-8571-5F1E7CF5D6DF}"
EndProject
Global
	GlobalSection(SolutionConfigurationPlatforms) = preSolution
		Debug|Any CPU = Debug|Any CPU
		Release|Any CPU = Release|Any CPU
	EndGlobalSection
	GlobalSection(ProjectConfigurationPlatforms) = postSolution
		{64EA58B5-65CB-4D7F-B3C8-AA138011D90D}.Debug|Any CPU.ActiveCfg = Debug|Any CPU
		{64EA58B5-65CB-4D7F-B3C8-AA138011D90D}.Debug|Any CPU.Build.0 = Debug|Any CPU
		{64EA58B5-65CB-4D7F-B3C8-AA138011D90D}.Release|Any CPU.ActiveCfg = Release|Any CPU
		{64EA58B5-65CB-4D7F-B3C8-AA138011D90D}.Release|Any CPU.Build.0 = Release|Any CPU
		{8FC402F3-5727-4BE9-8571-5F1E7CF5D6DF}.Debug|Any CPU.ActiveCfg = Debug|Any CPU
		{8FC402F3-5727-4BE9-8571-5F1E7CF5D6DF}.Debug|Any CPU.Build.0 = Debug|Any CPU
		{8FC402F3-5727-4BE9-8571-5F1E7CF5D6DF}.Release|Any CPU.ActiveCfg = Release|Any CPU
		{8FC402F3-5727-4BE9-8571-5F1E7CF5D6DF}.Release|Any CPU.Build.0 = Release|Any CPU
	EndGlobalSection
	GlobalSection(SolutionProperties) = preSolution
		HideSolutionNode = FALSE
	EndGlobalSection
EndGlobal
